
Microsoft Visual Studio Solution File, Format Version 12.00
# Visual Studio 15
Project("{FAE04EC0-301F-11D3-BF4B-00C04F79EFBC}") = "ZibraAILiquid", "ZibraAILiquid.csproj", "{164060BF-33E0-3A46-8FB0-A98C5B3D3F46}"
EndProject
Project("{FAE04EC0-301F-11D3-BF4B-00C04F79EFBC}") = "ZibraAILiquid.Samples", "ZibraAILiquid.Samples.csproj", "{B35E1793-8588-101A-5210-DA244A946C43}"
EndProject
Project("{FAE04EC0-301F-11D3-BF4B-00C04F79EFBC}") = "Assembly-CSharp", "Assembly-CSharp.csproj", "{3EAC3C25-84EA-167D-165F-153DC6BAD7FA}"
EndProject
Project("{FAE04EC0-301F-11D3-BF4B-00C04F79EFBC}") = "ZibraAILiquid.Editor", "ZibraAILiquid.Editor.csproj", "{335AFFE5-2C71-94B8-CA8C-351A4F8CEE08}"
EndProject
Project("{FAE04EC0-301F-11D3-BF4B-00C04F79EFBC}") = "ZibraAILiquid.Settings.Editor", "ZibraAILiquid.Settings.Editor.csproj", "{68E99EDB-8B70-04D3-5467-D87A12577745}"
EndProject
Global
	GlobalSection(SolutionConfigurationPlatforms) = preSolution
		Debug|Any CPU = Debug|Any CPU
		Release|Any CPU = Release|Any CPU
	EndGlobalSection
	GlobalSection(ProjectConfigurationPlatforms) = postSolution
		{164060BF-33E0-3A46-8FB0-A98C5B3D3F46}.Debug|Any CPU.ActiveCfg = Debug|Any CPU
		{164060BF-33E0-3A46-8FB0-A98C5B3D3F46}.Debug|Any CPU.Build.0 = Debug|Any CPU
		{164060BF-33E0-3A46-8FB0-A98C5B3D3F46}.Release|Any CPU.ActiveCfg = Release|Any CPU
		{164060BF-33E0-3A46-8FB0-A98C5B3D3F46}.Release|Any CPU.Build.0 = Release|Any CPU
		{B35E1793-8588-101A-5210-DA244A946C43}.Debug|Any CPU.ActiveCfg = Debug|Any CPU
		{B35E1793-8588-101A-5210-DA244A946C43}.Debug|Any CPU.Build.0 = Debug|Any CPU
		{B35E1793-8588-101A-5210-DA244A946C43}.Release|Any CPU.ActiveCfg = Release|Any CPU
		{B35E1793-8588-101A-5210-DA244A946C43}.Release|Any CPU.Build.0 = Release|Any CPU
		{3EAC3C25-84EA-167D-165F-153DC6BAD7FA}.Debug|Any CPU.ActiveCfg = Debug|Any CPU
		{3EAC3C25-84EA-167D-165F-153DC6BAD7FA}.Debug|Any CPU.Build.0 = Debug|Any CPU
		{3EAC3C25-84EA-167D-165F-153DC6BAD7FA}.Release|Any CPU.ActiveCfg = Release|Any CPU
		{3EAC3C25-84EA-167D-165F-153DC6BAD7FA}.Release|Any CPU.Build.0 = Release|Any CPU
		{335AFFE5-2C71-94B8-CA8C-351A4F8CEE08}.Debug|Any CPU.ActiveCfg = Debug|Any CPU
		{335AFFE5-2C71-94B8-CA8C-351A4F8CEE08}.Debug|Any CPU.Build.0 = Debug|Any CPU
		{335AFFE5-2C71-94B8-CA8C-351A4F8CEE08}.Release|Any CPU.ActiveCfg = Release|Any CPU
		{335AFFE5-2C71-94B8-CA8C-351A4F8CEE08}.Release|Any CPU.Build.0 = Release|Any CPU
		{68E99EDB-8B70-04D3-5467-D87A12577745}.Debug|Any CPU.ActiveCfg = Debug|Any CPU
		{68E99EDB-8B70-04D3-5467-D87A12577745}.Debug|Any CPU.Build.0 = Debug|Any CPU
		{68E99EDB-8B70-04D3-5467-D87A12577745}.Release|Any CPU.ActiveCfg = Release|Any CPU
		{68E99EDB-8B70-04D3-5467-D87A12577745}.Release|Any CPU.Build.0 = Release|Any CPU
	EndGlobalSection
	GlobalSection(SolutionProperties) = preSolution
		HideSolutionNode = FALSE
	EndGlobalSection
EndGlobal
