
Microsoft Visual Studio Solution File, Format Version 11.00
# Visual Studio 2010
Project("{FAE04EC0-301F-11D3-BF4B-00C04F79EFBC}") = "Oculus.Platform", "Oculus.Platform.csproj", "{f68b978c-2c00-8db0-1bf5-9bc4a6f162d2}"
EndProject
Project("{FAE04EC0-301F-11D3-BF4B-00C04F79EFBC}") = "Assembly-CSharp", "Assembly-CSharp.csproj", "{074040d6-8bfa-f7c7-93cc-31780dafcd4e}"
EndProject
Project("{FAE04EC0-301F-11D3-BF4B-00C04F79EFBC}") = "Oculus.Spatializer", "Oculus.Spatializer.csproj", "{7821e202-ec41-7d3d-7fdc-a8c80195078b}"
EndProject
Project("{FAE04EC0-301F-11D3-BF4B-00C04F79EFBC}") = "Oculus.Interaction", "Oculus.Interaction.csproj", "{1bad1143-4d65-59ec-9354-03ffd5d123c2}"
EndProject
Project("{FAE04EC0-301F-11D3-BF4B-00C04F79EFBC}") = "Facebook.WitAI", "Facebook.WitAI.csproj", "{7bc9e3ec-8c95-08da-a50f-b5a0da5e0560}"
EndProject
Project("{FAE04EC0-301F-11D3-BF4B-00C04F79EFBC}") = "Oculus.VR", "Oculus.VR.csproj", "{e853e656-d44a-4eec-17a0-06a47f1aee1b}"
EndProject
Project("{FAE04EC0-301F-11D3-BF4B-00C04F79EFBC}") = "Oculus.Interaction.Samples", "Oculus.Interaction.Samples.csproj", "{97a98945-f9d8-2e27-f44c-b925071e35e9}"
EndProject
Project("{FAE04EC0-301F-11D3-BF4B-00C04F79EFBC}") = "VoiceSDK.Dictation.Runtime", "VoiceSDK.Dictation.Runtime.csproj", "{88daf775-3f8b-3a4f-ea28-61239b0761b5}"
EndProject
Project("{FAE04EC0-301F-11D3-BF4B-00C04F79EFBC}") = "Facebook.Wit.TTS", "Facebook.Wit.TTS.csproj", "{018102d0-9561-d4eb-1ce9-f6be9683d3dd}"
EndProject
Project("{FAE04EC0-301F-11D3-BF4B-00C04F79EFBC}") = "Oculus.AudioManager", "Oculus.AudioManager.csproj", "{08808510-2c44-6a87-8833-f6c820d5c731}"
EndProject
Project("{FAE04EC0-301F-11D3-BF4B-00C04F79EFBC}") = "VoiceSDK.Runtime", "VoiceSDK.Runtime.csproj", "{ce58611b-cb61-d521-ae5f-7e96b73b6347}"
EndProject
Project("{FAE04EC0-301F-11D3-BF4B-00C04F79EFBC}") = "Facebook.Wit.Dictation", "Facebook.Wit.Dictation.csproj", "{afcba698-62eb-83f6-894f-c96a4e834c67}"
EndProject
Project("{FAE04EC0-301F-11D3-BF4B-00C04F79EFBC}") = "Oculus.Voice.Demo", "Oculus.Voice.Demo.csproj", "{35b4eb98-f568-493d-c25e-79378f4e026c}"
EndProject
Project("{FAE04EC0-301F-11D3-BF4B-00C04F79EFBC}") = "AssistantCoreSDKRuntime", "AssistantCoreSDKRuntime.csproj", "{48070d06-e6a0-efa7-899c-b308c0317b5e}"
EndProject
Project("{FAE04EC0-301F-11D3-BF4B-00C04F79EFBC}") = "LitJson", "LitJson.csproj", "{464b6a72-f178-8c80-dbfa-2ddec01f208d}"
EndProject
Project("{FAE04EC0-301F-11D3-BF4B-00C04F79EFBC}") = "Facebook.Wit.Conduit", "Facebook.Wit.Conduit.csproj", "{a87ce69b-c407-5e7c-5323-cbd98a96a135}"
EndProject
Project("{FAE04EC0-301F-11D3-BF4B-00C04F79EFBC}") = "Oculus.LipSync", "Oculus.LipSync.csproj", "{783aae87-aa21-3a13-cc4a-a0b3d463b52f}"
EndProject
Project("{FAE04EC0-301F-11D3-BF4B-00C04F79EFBC}") = "Facebook.Wit.TTS.Samples", "Facebook.Wit.TTS.Samples.csproj", "{1285e7a6-3357-27ec-6416-52add4112bce}"
EndProject
Project("{FAE04EC0-301F-11D3-BF4B-00C04F79EFBC}") = "Facebook.Wit.Editor", "Facebook.Wit.Editor.csproj", "{8f4e6282-4725-1fe2-fd23-1de53106a47d}"
EndProject
Project("{FAE04EC0-301F-11D3-BF4B-00C04F79EFBC}") = "Oculus.Interaction.Editor", "Oculus.Interaction.Editor.csproj", "{ce065c0c-3ee1-028c-b213-70aa954f1c0c}"
EndProject
Project("{FAE04EC0-301F-11D3-BF4B-00C04F79EFBC}") = "Facebook.Wit.Conduit.Editor", "Facebook.Wit.Conduit.Editor.csproj", "{e23965da-19cd-c08c-da43-4906be81dcc4}"
EndProject
Project("{FAE04EC0-301F-11D3-BF4B-00C04F79EFBC}") = "Assembly-CSharp-Editor", "Assembly-CSharp-Editor.csproj", "{b29ddffd-d1db-2038-5cdb-5a79b730737f}"
EndProject
Project("{FAE04EC0-301F-11D3-BF4B-00C04F79EFBC}") = "Oculus.Interaction.Samples.Editor", "Oculus.Interaction.Samples.Editor.csproj", "{20c40247-d789-25a6-ccfc-b9ecf10e82e5}"
EndProject
Project("{FAE04EC0-301F-11D3-BF4B-00C04F79EFBC}") = "Oculus.VR.Editor", "Oculus.VR.Editor.csproj", "{419b8595-f33c-7a7e-9308-727669fe35a0}"
EndProject
Project("{FAE04EC0-301F-11D3-BF4B-00C04F79EFBC}") = "VoiceSDK.Editor", "VoiceSDK.Editor.csproj", "{6bfcb2de-ed85-33f6-9fd8-7d5fd59ca52b}"
EndProject
Project("{FAE04EC0-301F-11D3-BF4B-00C04F79EFBC}") = "Facebook.Wit.TTS.Editor", "Facebook.Wit.TTS.Editor.csproj", "{ab0e8ff7-4b53-4bf7-ebdb-edebf84955c4}"
EndProject
Project("{FAE04EC0-301F-11D3-BF4B-00C04F79EFBC}") = "Facebook.Wit.Dictation.Editor", "Facebook.Wit.Dictation.Editor.csproj", "{2eca1d75-7180-e407-0fa9-6c0edcd7a8b7}"
EndProject
Project("{FAE04EC0-301F-11D3-BF4B-00C04F79EFBC}") = "VoiceSDK.Dictation.Editor", "VoiceSDK.Dictation.Editor.csproj", "{81b290fe-937c-67ef-c26f-ed9c6eba29c6}"
EndProject
Project("{FAE04EC0-301F-11D3-BF4B-00C04F79EFBC}") = "Oculus.Platform.Editor", "Oculus.Platform.Editor.csproj", "{3b6f2078-c9ba-228b-d226-e177c46356ec}"
EndProject
Project("{FAE04EC0-301F-11D3-BF4B-00C04F79EFBC}") = "Oculus.Spatializer.Editor", "Oculus.Spatializer.Editor.csproj", "{34bd1082-cf44-6f8d-d346-4de294ae4e00}"
EndProject
Project("{FAE04EC0-301F-11D3-BF4B-00C04F79EFBC}") = "Oculus.AudioManager.Audio.Editor", "Oculus.AudioManager.Audio.Editor.csproj", "{7ccd19a9-3f6d-8e73-2299-f0804ed25117}"
EndProject
Project("{FAE04EC0-301F-11D3-BF4B-00C04F79EFBC}") = "Oculus.Interaction.InterfaceSupport", "Oculus.Interaction.InterfaceSupport.csproj", "{88ff39c4-727b-da18-cb10-9041c26648e6}"
EndProject
Project("{FAE04EC0-301F-11D3-BF4B-00C04F79EFBC}") = "Oculus.VR.Scripts.Editor", "Oculus.VR.Scripts.Editor.csproj", "{d2870e46-61ee-cfa8-3934-d76d16b857d5}"
EndProject
Project("{FAE04EC0-301F-11D3-BF4B-00C04F79EFBC}") = "Oculus.LipSync.Editor", "Oculus.LipSync.Editor.csproj", "{c9d7160b-cc6a-f57b-0816-c331744b1088}"
EndProject
Project("{FAE04EC0-301F-11D3-BF4B-00C04F79EFBC}") = "AssistantCoreSDKEditor", "AssistantCoreSDKEditor.csproj", "{094c16f1-1f68-43cd-3fe5-8af57ec08a42}"
EndProject
Project("{FAE04EC0-301F-11D3-BF4B-00C04F79EFBC}") = "Oculus.AudioManager.Utils.Editor", "Oculus.AudioManager.Utils.Editor.csproj", "{0e4f9132-7bf4-0108-95a5-c19a9e7da2d4}"
EndProject
Global
	GlobalSection(SolutionConfigurationPlatforms) = preSolution
		Debug|Any CPU = Debug|Any CPU
	EndGlobalSection
	GlobalSection(ProjectConfigurationPlatforms) = postSolution
		{f68b978c-2c00-8db0-1bf5-9bc4a6f162d2}.Debug|Any CPU.ActiveCfg = Debug|Any CPU
		{f68b978c-2c00-8db0-1bf5-9bc4a6f162d2}.Debug|Any CPU.Build.0 = Debug|Any CPU
		{074040d6-8bfa-f7c7-93cc-31780dafcd4e}.Debug|Any CPU.ActiveCfg = Debug|Any CPU
		{074040d6-8bfa-f7c7-93cc-31780dafcd4e}.Debug|Any CPU.Build.0 = Debug|Any CPU
		{7821e202-ec41-7d3d-7fdc-a8c80195078b}.Debug|Any CPU.ActiveCfg = Debug|Any CPU
		{7821e202-ec41-7d3d-7fdc-a8c80195078b}.Debug|Any CPU.Build.0 = Debug|Any CPU
		{1bad1143-4d65-59ec-9354-03ffd5d123c2}.Debug|Any CPU.ActiveCfg = Debug|Any CPU
		{1bad1143-4d65-59ec-9354-03ffd5d123c2}.Debug|Any CPU.Build.0 = Debug|Any CPU
		{7bc9e3ec-8c95-08da-a50f-b5a0da5e0560}.Debug|Any CPU.ActiveCfg = Debug|Any CPU
		{7bc9e3ec-8c95-08da-a50f-b5a0da5e0560}.Debug|Any CPU.Build.0 = Debug|Any CPU
		{e853e656-d44a-4eec-17a0-06a47f1aee1b}.Debug|Any CPU.ActiveCfg = Debug|Any CPU
		{e853e656-d44a-4eec-17a0-06a47f1aee1b}.Debug|Any CPU.Build.0 = Debug|Any CPU
		{97a98945-f9d8-2e27-f44c-b925071e35e9}.Debug|Any CPU.ActiveCfg = Debug|Any CPU
		{97a98945-f9d8-2e27-f44c-b925071e35e9}.Debug|Any CPU.Build.0 = Debug|Any CPU
		{88daf775-3f8b-3a4f-ea28-61239b0761b5}.Debug|Any CPU.ActiveCfg = Debug|Any CPU
		{88daf775-3f8b-3a4f-ea28-61239b0761b5}.Debug|Any CPU.Build.0 = Debug|Any CPU
		{018102d0-9561-d4eb-1ce9-f6be9683d3dd}.Debug|Any CPU.ActiveCfg = Debug|Any CPU
		{018102d0-9561-d4eb-1ce9-f6be9683d3dd}.Debug|Any CPU.Build.0 = Debug|Any CPU
		{08808510-2c44-6a87-8833-f6c820d5c731}.Debug|Any CPU.ActiveCfg = Debug|Any CPU
		{08808510-2c44-6a87-8833-f6c820d5c731}.Debug|Any CPU.Build.0 = Debug|Any CPU
		{ce58611b-cb61-d521-ae5f-7e96b73b6347}.Debug|Any CPU.ActiveCfg = Debug|Any CPU
		{ce58611b-cb61-d521-ae5f-7e96b73b6347}.Debug|Any CPU.Build.0 = Debug|Any CPU
		{afcba698-62eb-83f6-894f-c96a4e834c67}.Debug|Any CPU.ActiveCfg = Debug|Any CPU
		{afcba698-62eb-83f6-894f-c96a4e834c67}.Debug|Any CPU.Build.0 = Debug|Any CPU
		{35b4eb98-f568-493d-c25e-79378f4e026c}.Debug|Any CPU.ActiveCfg = Debug|Any CPU
		{35b4eb98-f568-493d-c25e-79378f4e026c}.Debug|Any CPU.Build.0 = Debug|Any CPU
		{48070d06-e6a0-efa7-899c-b308c0317b5e}.Debug|Any CPU.ActiveCfg = Debug|Any CPU
		{48070d06-e6a0-efa7-899c-b308c0317b5e}.Debug|Any CPU.Build.0 = Debug|Any CPU
		{464b6a72-f178-8c80-dbfa-2ddec01f208d}.Debug|Any CPU.ActiveCfg = Debug|Any CPU
		{464b6a72-f178-8c80-dbfa-2ddec01f208d}.Debug|Any CPU.Build.0 = Debug|Any CPU
		{a87ce69b-c407-5e7c-5323-cbd98a96a135}.Debug|Any CPU.ActiveCfg = Debug|Any CPU
		{a87ce69b-c407-5e7c-5323-cbd98a96a135}.Debug|Any CPU.Build.0 = Debug|Any CPU
		{783aae87-aa21-3a13-cc4a-a0b3d463b52f}.Debug|Any CPU.ActiveCfg = Debug|Any CPU
		{783aae87-aa21-3a13-cc4a-a0b3d463b52f}.Debug|Any CPU.Build.0 = Debug|Any CPU
		{1285e7a6-3357-27ec-6416-52add4112bce}.Debug|Any CPU.ActiveCfg = Debug|Any CPU
		{1285e7a6-3357-27ec-6416-52add4112bce}.Debug|Any CPU.Build.0 = Debug|Any CPU
		{8f4e6282-4725-1fe2-fd23-1de53106a47d}.Debug|Any CPU.ActiveCfg = Debug|Any CPU
		{8f4e6282-4725-1fe2-fd23-1de53106a47d}.Debug|Any CPU.Build.0 = Debug|Any CPU
		{ce065c0c-3ee1-028c-b213-70aa954f1c0c}.Debug|Any CPU.ActiveCfg = Debug|Any CPU
		{ce065c0c-3ee1-028c-b213-70aa954f1c0c}.Debug|Any CPU.Build.0 = Debug|Any CPU
		{e23965da-19cd-c08c-da43-4906be81dcc4}.Debug|Any CPU.ActiveCfg = Debug|Any CPU
		{e23965da-19cd-c08c-da43-4906be81dcc4}.Debug|Any CPU.Build.0 = Debug|Any CPU
		{b29ddffd-d1db-2038-5cdb-5a79b730737f}.Debug|Any CPU.ActiveCfg = Debug|Any CPU
		{b29ddffd-d1db-2038-5cdb-5a79b730737f}.Debug|Any CPU.Build.0 = Debug|Any CPU
		{20c40247-d789-25a6-ccfc-b9ecf10e82e5}.Debug|Any CPU.ActiveCfg = Debug|Any CPU
		{20c40247-d789-25a6-ccfc-b9ecf10e82e5}.Debug|Any CPU.Build.0 = Debug|Any CPU
		{419b8595-f33c-7a7e-9308-727669fe35a0}.Debug|Any CPU.ActiveCfg = Debug|Any CPU
		{419b8595-f33c-7a7e-9308-727669fe35a0}.Debug|Any CPU.Build.0 = Debug|Any CPU
		{6bfcb2de-ed85-33f6-9fd8-7d5fd59ca52b}.Debug|Any CPU.ActiveCfg = Debug|Any CPU
		{6bfcb2de-ed85-33f6-9fd8-7d5fd59ca52b}.Debug|Any CPU.Build.0 = Debug|Any CPU
		{ab0e8ff7-4b53-4bf7-ebdb-edebf84955c4}.Debug|Any CPU.ActiveCfg = Debug|Any CPU
		{ab0e8ff7-4b53-4bf7-ebdb-edebf84955c4}.Debug|Any CPU.Build.0 = Debug|Any CPU
		{2eca1d75-7180-e407-0fa9-6c0edcd7a8b7}.Debug|Any CPU.ActiveCfg = Debug|Any CPU
		{2eca1d75-7180-e407-0fa9-6c0edcd7a8b7}.Debug|Any CPU.Build.0 = Debug|Any CPU
		{81b290fe-937c-67ef-c26f-ed9c6eba29c6}.Debug|Any CPU.ActiveCfg = Debug|Any CPU
		{81b290fe-937c-67ef-c26f-ed9c6eba29c6}.Debug|Any CPU.Build.0 = Debug|Any CPU
		{3b6f2078-c9ba-228b-d226-e177c46356ec}.Debug|Any CPU.ActiveCfg = Debug|Any CPU
		{3b6f2078-c9ba-228b-d226-e177c46356ec}.Debug|Any CPU.Build.0 = Debug|Any CPU
		{34bd1082-cf44-6f8d-d346-4de294ae4e00}.Debug|Any CPU.ActiveCfg = Debug|Any CPU
		{34bd1082-cf44-6f8d-d346-4de294ae4e00}.Debug|Any CPU.Build.0 = Debug|Any CPU
		{7ccd19a9-3f6d-8e73-2299-f0804ed25117}.Debug|Any CPU.ActiveCfg = Debug|Any CPU
		{7ccd19a9-3f6d-8e73-2299-f0804ed25117}.Debug|Any CPU.Build.0 = Debug|Any CPU
		{88ff39c4-727b-da18-cb10-9041c26648e6}.Debug|Any CPU.ActiveCfg = Debug|Any CPU
		{88ff39c4-727b-da18-cb10-9041c26648e6}.Debug|Any CPU.Build.0 = Debug|Any CPU
		{d2870e46-61ee-cfa8-3934-d76d16b857d5}.Debug|Any CPU.ActiveCfg = Debug|Any CPU
		{d2870e46-61ee-cfa8-3934-d76d16b857d5}.Debug|Any CPU.Build.0 = Debug|Any CPU
		{c9d7160b-cc6a-f57b-0816-c331744b1088}.Debug|Any CPU.ActiveCfg = Debug|Any CPU
		{c9d7160b-cc6a-f57b-0816-c331744b1088}.Debug|Any CPU.Build.0 = Debug|Any CPU
		{094c16f1-1f68-43cd-3fe5-8af57ec08a42}.Debug|Any CPU.ActiveCfg = Debug|Any CPU
		{094c16f1-1f68-43cd-3fe5-8af57ec08a42}.Debug|Any CPU.Build.0 = Debug|Any CPU
		{0e4f9132-7bf4-0108-95a5-c19a9e7da2d4}.Debug|Any CPU.ActiveCfg = Debug|Any CPU
		{0e4f9132-7bf4-0108-95a5-c19a9e7da2d4}.Debug|Any CPU.Build.0 = Debug|Any CPU
	EndGlobalSection
	GlobalSection(SolutionProperties) = preSolution
		HideSolutionNode = FALSE
	EndGlobalSection
EndGlobal
