
Microsoft Visual Studio Solution File, Format Version 11.00
# Visual Studio 2010
Project("{FAE04EC0-301F-11D3-BF4B-00C04F79EFBC}") = "Oculus.Platform", "Oculus.Platform.csproj", "{effeff2c-b79e-3e21-1b48-cbceaa30e528}"
EndProject
Project("{FAE04EC0-301F-11D3-BF4B-00C04F79EFBC}") = "Assembly-CSharp", "Assembly-CSharp.csproj", "{939d75d7-a295-5b04-85cc-0f962286087b}"
EndProject
Project("{FAE04EC0-301F-11D3-BF4B-00C04F79EFBC}") = "Oculus.Spatializer", "Oculus.Spatializer.csproj", "{aad1e2ef-cc5b-b0b9-b316-837fce2f2175}"
EndProject
Project("{FAE04EC0-301F-11D3-BF4B-00C04F79EFBC}") = "Oculus.Interaction", "Oculus.Interaction.csproj", "{84746019-346b-15cb-29bb-d91a091ddad3}"
EndProject
Project("{FAE04EC0-301F-11D3-BF4B-00C04F79EFBC}") = "Facebook.WitAI", "Facebook.WitAI.csproj", "{6037afdf-e768-d344-676e-018306ed3d33}"
EndProject
Project("{FAE04EC0-301F-11D3-BF4B-00C04F79EFBC}") = "Oculus.VR", "Oculus.VR.csproj", "{3774fb66-ba6d-ee39-1293-3dc63e4bd78a}"
EndProject
Project("{FAE04EC0-301F-11D3-BF4B-00C04F79EFBC}") = "Oculus.Interaction.Samples", "Oculus.Interaction.Samples.csproj", "{3fd94ac9-6051-2ccb-92ae-9f2f2e1d3964}"
EndProject
Project("{FAE04EC0-301F-11D3-BF4B-00C04F79EFBC}") = "VoiceSDK.Dictation.Runtime", "VoiceSDK.Dictation.Runtime.csproj", "{ec7a6a81-e17b-3c05-9ff4-9c4d588e0677}"
EndProject
Project("{FAE04EC0-301F-11D3-BF4B-00C04F79EFBC}") = "Facebook.Wit.TTS", "Facebook.Wit.TTS.csproj", "{e5cd027a-5a3d-aa1f-ac92-6c7749d8964f}"
EndProject
Project("{FAE04EC0-301F-11D3-BF4B-00C04F79EFBC}") = "Oculus.AudioManager", "Oculus.AudioManager.csproj", "{d247f38b-e87f-8621-bd19-103e1997862e}"
EndProject
Project("{FAE04EC0-301F-11D3-BF4B-00C04F79EFBC}") = "VoiceSDK.Runtime", "VoiceSDK.Runtime.csproj", "{ba9e5f03-237a-731e-28bf-ce493413698d}"
EndProject
Project("{FAE04EC0-301F-11D3-BF4B-00C04F79EFBC}") = "Facebook.Wit.Dictation", "Facebook.Wit.Dictation.csproj", "{828cd408-66fd-b816-b052-ef0ccc0129a1}"
EndProject
Project("{FAE04EC0-301F-11D3-BF4B-00C04F79EFBC}") = "Oculus.Voice.Demo", "Oculus.Voice.Demo.csproj", "{b8e64a87-faba-8d0a-70b9-480221230326}"
EndProject
Project("{FAE04EC0-301F-11D3-BF4B-00C04F79EFBC}") = "AssistantCoreSDKRuntime", "AssistantCoreSDKRuntime.csproj", "{2cf374a9-6327-00a1-b0cd-34e31bb49956}"
EndProject
Project("{FAE04EC0-301F-11D3-BF4B-00C04F79EFBC}") = "LitJson", "LitJson.csproj", "{9d45d8ef-e0c1-4cb2-f285-2d69f01545ed}"
EndProject
Project("{FAE04EC0-301F-11D3-BF4B-00C04F79EFBC}") = "Facebook.Wit.Conduit", "Facebook.Wit.Conduit.csproj", "{b4ffbc61-0338-70dc-202b-471f82d8f87e}"
EndProject
Project("{FAE04EC0-301F-11D3-BF4B-00C04F79EFBC}") = "Oculus.LipSync", "Oculus.LipSync.csproj", "{5dc1b79a-269e-c63c-4734-50b560bf9a36}"
EndProject
Project("{FAE04EC0-301F-11D3-BF4B-00C04F79EFBC}") = "Facebook.Wit.TTS.Samples", "Facebook.Wit.TTS.Samples.csproj", "{12de89a4-6af5-4829-8269-4e758f66cdb5}"
EndProject
Project("{FAE04EC0-301F-11D3-BF4B-00C04F79EFBC}") = "Facebook.Wit.Editor", "Facebook.Wit.Editor.csproj", "{0c181389-4b9b-67c6-674f-482cdc13a1ef}"
EndProject
Project("{FAE04EC0-301F-11D3-BF4B-00C04F79EFBC}") = "Oculus.Interaction.Editor", "Oculus.Interaction.Editor.csproj", "{b721f47a-dbc3-9b5f-2383-8a859ea241f3}"
EndProject
Project("{FAE04EC0-301F-11D3-BF4B-00C04F79EFBC}") = "Facebook.Wit.Conduit.Editor", "Facebook.Wit.Conduit.Editor.csproj", "{40fe9e8c-566d-cb3b-a1ee-d49d0ead86d6}"
EndProject
Project("{FAE04EC0-301F-11D3-BF4B-00C04F79EFBC}") = "Assembly-CSharp-Editor", "Assembly-CSharp-Editor.csproj", "{def5f785-7eb9-dc33-b2b8-7398d67ffb78}"
EndProject
Project("{FAE04EC0-301F-11D3-BF4B-00C04F79EFBC}") = "Oculus.Interaction.Samples.Editor", "Oculus.Interaction.Samples.Editor.csproj", "{2a36716e-4ed5-f9c7-d74a-1e916e9087a2}"
EndProject
Project("{FAE04EC0-301F-11D3-BF4B-00C04F79EFBC}") = "Oculus.VR.Editor", "Oculus.VR.Editor.csproj", "{ea90ee71-e090-1746-0280-a679b3ba46a5}"
EndProject
Project("{FAE04EC0-301F-11D3-BF4B-00C04F79EFBC}") = "VoiceSDK.Editor", "VoiceSDK.Editor.csproj", "{7662b16f-d5bf-981c-9f81-ccdb2e4b4a48}"
EndProject
Project("{FAE04EC0-301F-11D3-BF4B-00C04F79EFBC}") = "Facebook.Wit.TTS.Editor", "Facebook.Wit.TTS.Editor.csproj", "{632f7d09-4327-b0c4-a157-d6af183d7f97}"
EndProject
Project("{FAE04EC0-301F-11D3-BF4B-00C04F79EFBC}") = "VoiceSDK.Dictation.Editor", "VoiceSDK.Dictation.Editor.csproj", "{17c915d6-d236-5044-b259-a6b595f7cf8d}"
EndProject
Project("{FAE04EC0-301F-11D3-BF4B-00C04F79EFBC}") = "Oculus.Platform.Editor", "Oculus.Platform.Editor.csproj", "{1c6a87ad-c57b-e657-212b-46c5341ee10b}"
EndProject
Project("{FAE04EC0-301F-11D3-BF4B-00C04F79EFBC}") = "Oculus.Spatializer.Editor", "Oculus.Spatializer.Editor.csproj", "{1484d3bc-bf24-c3a0-35f9-6aa3a7e8e068}"
EndProject
Project("{FAE04EC0-301F-11D3-BF4B-00C04F79EFBC}") = "Oculus.AudioManager.Audio.Editor", "Oculus.AudioManager.Audio.Editor.csproj", "{35317792-8f9a-7464-d92c-3888d4691df5}"
EndProject
Project("{FAE04EC0-301F-11D3-BF4B-00C04F79EFBC}") = "Oculus.Interaction.InterfaceSupport", "Oculus.Interaction.InterfaceSupport.csproj", "{9c94e9bc-6d92-67af-990b-a0069f06dee9}"
EndProject
Project("{FAE04EC0-301F-11D3-BF4B-00C04F79EFBC}") = "Oculus.VR.Scripts.Editor", "Oculus.VR.Scripts.Editor.csproj", "{5180b87d-ebf4-a5c4-5082-5cceb0d8e125}"
EndProject
Project("{FAE04EC0-301F-11D3-BF4B-00C04F79EFBC}") = "Oculus.LipSync.Editor", "Oculus.LipSync.Editor.csproj", "{16c341e3-b681-e6c7-bdea-0d6013edbb98}"
EndProject
Project("{FAE04EC0-301F-11D3-BF4B-00C04F79EFBC}") = "AssistantCoreSDKEditor", "AssistantCoreSDKEditor.csproj", "{916323cf-4c0d-05f4-82c6-2a3e9bad74c6}"
EndProject
Project("{FAE04EC0-301F-11D3-BF4B-00C04F79EFBC}") = "Oculus.AudioManager.Utils.Editor", "Oculus.AudioManager.Utils.Editor.csproj", "{cc0abc36-78e8-ad97-2443-61bb6a07b6f0}"
EndProject
Global
	GlobalSection(SolutionConfigurationPlatforms) = preSolution
		Debug|Any CPU = Debug|Any CPU
	EndGlobalSection
	GlobalSection(ProjectConfigurationPlatforms) = postSolution
		{effeff2c-b79e-3e21-1b48-cbceaa30e528}.Debug|Any CPU.ActiveCfg = Debug|Any CPU
		{effeff2c-b79e-3e21-1b48-cbceaa30e528}.Debug|Any CPU.Build.0 = Debug|Any CPU
		{939d75d7-a295-5b04-85cc-0f962286087b}.Debug|Any CPU.ActiveCfg = Debug|Any CPU
		{939d75d7-a295-5b04-85cc-0f962286087b}.Debug|Any CPU.Build.0 = Debug|Any CPU
		{aad1e2ef-cc5b-b0b9-b316-837fce2f2175}.Debug|Any CPU.ActiveCfg = Debug|Any CPU
		{aad1e2ef-cc5b-b0b9-b316-837fce2f2175}.Debug|Any CPU.Build.0 = Debug|Any CPU
		{84746019-346b-15cb-29bb-d91a091ddad3}.Debug|Any CPU.ActiveCfg = Debug|Any CPU
		{84746019-346b-15cb-29bb-d91a091ddad3}.Debug|Any CPU.Build.0 = Debug|Any CPU
		{6037afdf-e768-d344-676e-018306ed3d33}.Debug|Any CPU.ActiveCfg = Debug|Any CPU
		{6037afdf-e768-d344-676e-018306ed3d33}.Debug|Any CPU.Build.0 = Debug|Any CPU
		{3774fb66-ba6d-ee39-1293-3dc63e4bd78a}.Debug|Any CPU.ActiveCfg = Debug|Any CPU
		{3774fb66-ba6d-ee39-1293-3dc63e4bd78a}.Debug|Any CPU.Build.0 = Debug|Any CPU
		{3fd94ac9-6051-2ccb-92ae-9f2f2e1d3964}.Debug|Any CPU.ActiveCfg = Debug|Any CPU
		{3fd94ac9-6051-2ccb-92ae-9f2f2e1d3964}.Debug|Any CPU.Build.0 = Debug|Any CPU
		{ec7a6a81-e17b-3c05-9ff4-9c4d588e0677}.Debug|Any CPU.ActiveCfg = Debug|Any CPU
		{ec7a6a81-e17b-3c05-9ff4-9c4d588e0677}.Debug|Any CPU.Build.0 = Debug|Any CPU
		{e5cd027a-5a3d-aa1f-ac92-6c7749d8964f}.Debug|Any CPU.ActiveCfg = Debug|Any CPU
		{e5cd027a-5a3d-aa1f-ac92-6c7749d8964f}.Debug|Any CPU.Build.0 = Debug|Any CPU
		{d247f38b-e87f-8621-bd19-103e1997862e}.Debug|Any CPU.ActiveCfg = Debug|Any CPU
		{d247f38b-e87f-8621-bd19-103e1997862e}.Debug|Any CPU.Build.0 = Debug|Any CPU
		{ba9e5f03-237a-731e-28bf-ce493413698d}.Debug|Any CPU.ActiveCfg = Debug|Any CPU
		{ba9e5f03-237a-731e-28bf-ce493413698d}.Debug|Any CPU.Build.0 = Debug|Any CPU
		{828cd408-66fd-b816-b052-ef0ccc0129a1}.Debug|Any CPU.ActiveCfg = Debug|Any CPU
		{828cd408-66fd-b816-b052-ef0ccc0129a1}.Debug|Any CPU.Build.0 = Debug|Any CPU
		{b8e64a87-faba-8d0a-70b9-480221230326}.Debug|Any CPU.ActiveCfg = Debug|Any CPU
		{b8e64a87-faba-8d0a-70b9-480221230326}.Debug|Any CPU.Build.0 = Debug|Any CPU
		{2cf374a9-6327-00a1-b0cd-34e31bb49956}.Debug|Any CPU.ActiveCfg = Debug|Any CPU
		{2cf374a9-6327-00a1-b0cd-34e31bb49956}.Debug|Any CPU.Build.0 = Debug|Any CPU
		{9d45d8ef-e0c1-4cb2-f285-2d69f01545ed}.Debug|Any CPU.ActiveCfg = Debug|Any CPU
		{9d45d8ef-e0c1-4cb2-f285-2d69f01545ed}.Debug|Any CPU.Build.0 = Debug|Any CPU
		{b4ffbc61-0338-70dc-202b-471f82d8f87e}.Debug|Any CPU.ActiveCfg = Debug|Any CPU
		{b4ffbc61-0338-70dc-202b-471f82d8f87e}.Debug|Any CPU.Build.0 = Debug|Any CPU
		{5dc1b79a-269e-c63c-4734-50b560bf9a36}.Debug|Any CPU.ActiveCfg = Debug|Any CPU
		{5dc1b79a-269e-c63c-4734-50b560bf9a36}.Debug|Any CPU.Build.0 = Debug|Any CPU
		{12de89a4-6af5-4829-8269-4e758f66cdb5}.Debug|Any CPU.ActiveCfg = Debug|Any CPU
		{12de89a4-6af5-4829-8269-4e758f66cdb5}.Debug|Any CPU.Build.0 = Debug|Any CPU
		{0c181389-4b9b-67c6-674f-482cdc13a1ef}.Debug|Any CPU.ActiveCfg = Debug|Any CPU
		{0c181389-4b9b-67c6-674f-482cdc13a1ef}.Debug|Any CPU.Build.0 = Debug|Any CPU
		{b721f47a-dbc3-9b5f-2383-8a859ea241f3}.Debug|Any CPU.ActiveCfg = Debug|Any CPU
		{b721f47a-dbc3-9b5f-2383-8a859ea241f3}.Debug|Any CPU.Build.0 = Debug|Any CPU
		{40fe9e8c-566d-cb3b-a1ee-d49d0ead86d6}.Debug|Any CPU.ActiveCfg = Debug|Any CPU
		{40fe9e8c-566d-cb3b-a1ee-d49d0ead86d6}.Debug|Any CPU.Build.0 = Debug|Any CPU
		{def5f785-7eb9-dc33-b2b8-7398d67ffb78}.Debug|Any CPU.ActiveCfg = Debug|Any CPU
		{def5f785-7eb9-dc33-b2b8-7398d67ffb78}.Debug|Any CPU.Build.0 = Debug|Any CPU
		{2a36716e-4ed5-f9c7-d74a-1e916e9087a2}.Debug|Any CPU.ActiveCfg = Debug|Any CPU
		{2a36716e-4ed5-f9c7-d74a-1e916e9087a2}.Debug|Any CPU.Build.0 = Debug|Any CPU
		{ea90ee71-e090-1746-0280-a679b3ba46a5}.Debug|Any CPU.ActiveCfg = Debug|Any CPU
		{ea90ee71-e090-1746-0280-a679b3ba46a5}.Debug|Any CPU.Build.0 = Debug|Any CPU
		{7662b16f-d5bf-981c-9f81-ccdb2e4b4a48}.Debug|Any CPU.ActiveCfg = Debug|Any CPU
		{7662b16f-d5bf-981c-9f81-ccdb2e4b4a48}.Debug|Any CPU.Build.0 = Debug|Any CPU
		{632f7d09-4327-b0c4-a157-d6af183d7f97}.Debug|Any CPU.ActiveCfg = Debug|Any CPU
		{632f7d09-4327-b0c4-a157-d6af183d7f97}.Debug|Any CPU.Build.0 = Debug|Any CPU
		{17c915d6-d236-5044-b259-a6b595f7cf8d}.Debug|Any CPU.ActiveCfg = Debug|Any CPU
		{17c915d6-d236-5044-b259-a6b595f7cf8d}.Debug|Any CPU.Build.0 = Debug|Any CPU
		{1c6a87ad-c57b-e657-212b-46c5341ee10b}.Debug|Any CPU.ActiveCfg = Debug|Any CPU
		{1c6a87ad-c57b-e657-212b-46c5341ee10b}.Debug|Any CPU.Build.0 = Debug|Any CPU
		{1484d3bc-bf24-c3a0-35f9-6aa3a7e8e068}.Debug|Any CPU.ActiveCfg = Debug|Any CPU
		{1484d3bc-bf24-c3a0-35f9-6aa3a7e8e068}.Debug|Any CPU.Build.0 = Debug|Any CPU
		{35317792-8f9a-7464-d92c-3888d4691df5}.Debug|Any CPU.ActiveCfg = Debug|Any CPU
		{35317792-8f9a-7464-d92c-3888d4691df5}.Debug|Any CPU.Build.0 = Debug|Any CPU
		{9c94e9bc-6d92-67af-990b-a0069f06dee9}.Debug|Any CPU.ActiveCfg = Debug|Any CPU
		{9c94e9bc-6d92-67af-990b-a0069f06dee9}.Debug|Any CPU.Build.0 = Debug|Any CPU
		{5180b87d-ebf4-a5c4-5082-5cceb0d8e125}.Debug|Any CPU.ActiveCfg = Debug|Any CPU
		{5180b87d-ebf4-a5c4-5082-5cceb0d8e125}.Debug|Any CPU.Build.0 = Debug|Any CPU
		{16c341e3-b681-e6c7-bdea-0d6013edbb98}.Debug|Any CPU.ActiveCfg = Debug|Any CPU
		{16c341e3-b681-e6c7-bdea-0d6013edbb98}.Debug|Any CPU.Build.0 = Debug|Any CPU
		{916323cf-4c0d-05f4-82c6-2a3e9bad74c6}.Debug|Any CPU.ActiveCfg = Debug|Any CPU
		{916323cf-4c0d-05f4-82c6-2a3e9bad74c6}.Debug|Any CPU.Build.0 = Debug|Any CPU
		{cc0abc36-78e8-ad97-2443-61bb6a07b6f0}.Debug|Any CPU.ActiveCfg = Debug|Any CPU
		{cc0abc36-78e8-ad97-2443-61bb6a07b6f0}.Debug|Any CPU.Build.0 = Debug|Any CPU
	EndGlobalSection
	GlobalSection(SolutionProperties) = preSolution
		HideSolutionNode = FALSE
	EndGlobalSection
EndGlobal
